
Microsoft Visual Studio Solution File, Format Version 12.00
# Visual Studio Version 16
VisualStudioVersion = 16.0.31112.23
MinimumVisualStudioVersion = 10.0.40219.1
Project("{8BC9CEB8-8B4A-11D0-8D11-00A0C91BC942}") = "1", "1\1.vcxproj", "{78126E0E-A44C-4AA3-9D22-50AB73540ACF}"
EndProject
Global
	GlobalSection(SolutionConfigurationPlatforms) = preSolution
		Debug|x64 = Debug|x64
		Debug|x86 = Debug|x86
		Release|x64 = Release|x64
		Release|x86 = Release|x86
	EndGlobalSection
	GlobalSection(ProjectConfigurationPlatforms) = postSolution
		{78126E0E-A44C-4AA3-9D22-50AB73540ACF}.Debug|x64.ActiveCfg = Debug|x64
		{78126E0E-A44C-4AA3-9D22-50AB73540ACF}.Debug|x64.Build.0 = Debug|x64
		{78126E0E-A44C-4AA3-9D22-50AB73540ACF}.Debug|x86.ActiveCfg = Debug|Win32
		{78126E0E-A44C-4AA3-9D22-50AB73540ACF}.Debug|x86.Build.0 = Debug|Win32
		{78126E0E-A44C-4AA3-9D22-50AB73540ACF}.Release|x64.ActiveCfg = Release|x64
		{78126E0E-A44C-4AA3-9D22-50AB73540ACF}.Release|x64.Build.0 = Release|x64
		{78126E0E-A44C-4AA3-9D22-50AB73540ACF}.Release|x86.ActiveCfg = Release|Win32
		{78126E0E-A44C-4AA3-9D22-50AB73540ACF}.Release|x86.Build.0 = Release|Win32
	EndGlobalSection
	GlobalSection(SolutionProperties) = preSolution
		HideSolutionNode = FALSE
	EndGlobalSection
	GlobalSection(ExtensibilityGlobals) = postSolution
		SolutionGuid = {2AD98217-CC96-48AF-8007-F7340AD3E229}
	EndGlobalSection
EndGlobal
