
Microsoft Visual Studio Solution File, Format Version 12.00
# Visual Studio Version 16
VisualStudioVersion = 16.0.31112.23
MinimumVisualStudioVersion = 10.0.40219.1
Project("{8BC9CEB8-8B4A-11D0-8D11-00A0C91BC942}") = "1", "1\1.vcxproj", "{6103FB0F-D770-4448-9397-A04E94D52984}"
EndProject
Global
	GlobalSection(SolutionConfigurationPlatforms) = preSolution
		Debug|x64 = Debug|x64
		Debug|x86 = Debug|x86
		Release|x64 = Release|x64
		Release|x86 = Release|x86
	EndGlobalSection
	GlobalSection(ProjectConfigurationPlatforms) = postSolution
		{6103FB0F-D770-4448-9397-A04E94D52984}.Debug|x64.ActiveCfg = Debug|x64
		{6103FB0F-D770-4448-9397-A04E94D52984}.Debug|x64.Build.0 = Debug|x64
		{6103FB0F-D770-4448-9397-A04E94D52984}.Debug|x86.ActiveCfg = Debug|Win32
		{6103FB0F-D770-4448-9397-A04E94D52984}.Debug|x86.Build.0 = Debug|Win32
		{6103FB0F-D770-4448-9397-A04E94D52984}.Release|x64.ActiveCfg = Release|x64
		{6103FB0F-D770-4448-9397-A04E94D52984}.Release|x64.Build.0 = Release|x64
		{6103FB0F-D770-4448-9397-A04E94D52984}.Release|x86.ActiveCfg = Release|Win32
		{6103FB0F-D770-4448-9397-A04E94D52984}.Release|x86.Build.0 = Release|Win32
	EndGlobalSection
	GlobalSection(SolutionProperties) = preSolution
		HideSolutionNode = FALSE
	EndGlobalSection
	GlobalSection(ExtensibilityGlobals) = postSolution
		SolutionGuid = {90AE12DC-3858-4C3B-8C76-1C14FDEE5865}
	EndGlobalSection
EndGlobal
